lockfileVersion: 5.3

specifiers:
  '@jimizai/driver-koa': ^2.0.32
  '@jimizai/injectable': ^2.1.2
  '@types/koa': ^2.13.4
  tslib: ^2.3.1

dependencies:
  '@jimizai/driver-koa': 2.0.32
  '@jimizai/injectable': 2.1.2
  tslib: 2.3.1

devDependencies:
  '@types/koa': 2.13.4

packages:

  /@jimizai/common/2.0.13:
    resolution: {integrity: sha1-bFsIlm+kzQecgWIgokbbUoiRHoQ=}
    dev: false

  /@jimizai/decorators/2.0.28:
    resolution: {integrity: sha512-yy7DrxhLu25zLBTgJiLnqdKOqrLBb7nOFgx2enpUhjiSin9A0OZi5UWtnEOCpRz5SJXoPwZ/Kyi/KigqkI9EzQ==}
    dependencies:
      '@jimizai/injectable': 2.1.2
      '@jimizai/utils': 2.0.23
      reflect-metadata: 0.1.13
    dev: false

  /@jimizai/driver-koa/2.0.32:
    resolution: {integrity: sha512-fdLxaPl0mimJjn8UplrRGdKOsENPzzzLGWHrp39oDJYkprzsWPLmC7kJJtQ7GpgWaCceyrNejxi8tzqMe79IGA==}
    dependencies:
      '@jimizai/common': 2.0.13
      '@jimizai/decorators': 2.0.28
      '@jimizai/driver-types': 2.0.31
      '@jimizai/injectable': 2.1.2
      '@jimizai/utils': 2.0.23
      koa: 2.13.4
      koa-router: 10.1.1
      reflect-metadata: 0.1.13
    transitivePeerDependencies:
      - supports-color
    dev: false

  /@jimizai/driver-types/2.0.31:
    resolution: {integrity: sha512-SMWWtX2IkMFxwyriqooOSWsTsUxVerIpqY+kg9n+3mRXQ8PjYfn7MF0hNB+aOH0vIShNwq3CgewtQAOnS7sASg==}
    dependencies:
      '@jimizai/common': 2.0.13
      '@jimizai/injectable': 2.1.2
      '@jimizai/utils': 2.0.23
      reflect-metadata: 0.1.13
    dev: false

  /@jimizai/injectable/2.1.2:
    resolution: {integrity: sha512-RL4T49sOIlJOZMHfwBGHlE2M97aQlgztTiZTd1aeH/QFgKTH5FjlJ1L74PZk9cctAINPF6Ww2wLql2gm0Y2AyQ==}
    dependencies:
      '@jimizai/utils': 2.0.23
      reflect-metadata: 0.1.13
    dev: false

  /@jimizai/utils/2.0.23:
    resolution: {integrity: sha512-VHe9OTIjn+l/UQSaB7QCytpZdsnB/p81ODUQmOnWlNdYzExC4VJgW1kEmuXbgTyOFfcvXubgufEaZlj0YgjX9Q==}
    dependencies:
      reflect-metadata: 0.1.13
    dev: false

  /@types/accepts/1.3.5:
    resolution: {integrity: sha1-w0vsEVz8dG4E/loFnfTOfns5FXU=}
    dependencies:
      '@types/node': 17.0.2
    dev: true

  /@types/body-parser/1.19.2:
    resolution: {integrity: sha512-ALYone6pm6QmwZoAgeyNksccT9Q4AWZQ6PvfwR37GT6r6FWUPguq6sUmNGSMV2Wr761oQoBxwGGa6DR5o1DC9g==}
    dependencies:
      '@types/connect': 3.4.35
      '@types/node': 17.0.2
    dev: true

  /@types/connect/3.4.35:
    resolution: {integrity: sha1-X89q5EXkAh0fwiGaSHPMc6O7KtE=}
    dependencies:
      '@types/node': 17.0.2
    dev: true

  /@types/content-disposition/0.5.4:
    resolution: {integrity: sha1-3kjPAcecnxVgvP2K5DIXqwKGV/g=}
    dev: true

  /@types/cookies/0.7.7:
    resolution: {integrity: sha1-epJFPR0WOJwFpTAe71ZvNJRs/YE=}
    dependencies:
      '@types/connect': 3.4.35
      '@types/express': 4.17.13
      '@types/keygrip': 1.0.2
      '@types/node': 17.0.2
    dev: true

  /@types/express-serve-static-core/4.17.26:
    resolution: {integrity: sha512-zeu3tpouA043RHxW0gzRxwCHchMgftE8GArRsvYT0ByDMbn19olQHx5jLue0LxWY6iYtXb7rXmuVtSkhy9YZvQ==}
    dependencies:
      '@types/node': 17.0.2
      '@types/qs': 6.9.7
      '@types/range-parser': 1.2.4
    dev: true

  /@types/express/4.17.13:
    resolution: {integrity: sha1-p24plXKJmbq1GjP6vOHXBaNwkDQ=}
    dependencies:
      '@types/body-parser': 1.19.2
      '@types/express-serve-static-core': 4.17.26
      '@types/qs': 6.9.7
      '@types/serve-static': 1.13.10
    dev: true

  /@types/http-assert/1.5.3:
    resolution: {integrity: sha1-7449Go1Gw4fwSrDy6KuMsMUHhmE=}
    dev: true

  /@types/http-errors/1.8.1:
    resolution: {integrity: sha1-6BrSimC+4DKMbSOE4Cmuxibxrmc=}
    dev: true

  /@types/keygrip/1.0.2:
    resolution: {integrity: sha1-UTq/0lbXrQvx7hhzYGMXszsbKnI=}
    dev: true

  /@types/koa-compose/3.2.5:
    resolution: {integrity: sha1-hesugKxQvpXzfM+MQHwJu+NGjp0=}
    dependencies:
      '@types/koa': 2.13.4
    dev: true

  /@types/koa/2.13.4:
    resolution: {integrity: sha1-EGILPySoAn71y66Is5PRsxIFcms=}
    dependencies:
      '@types/accepts': 1.3.5
      '@types/content-disposition': 0.5.4
      '@types/cookies': 0.7.7
      '@types/http-assert': 1.5.3
      '@types/http-errors': 1.8.1
      '@types/keygrip': 1.0.2
      '@types/koa-compose': 3.2.5
      '@types/node': 17.0.2
    dev: true

  /@types/mime/1.3.2:
    resolution: {integrity: sha1-k+Jb+e51/g/YC1lLxP6w6GIRG1o=}
    dev: true

  /@types/node/17.0.2:
    resolution: {integrity: sha512-JepeIUPFDARgIs0zD/SKPgFsJEAF0X5/qO80llx59gOxFTboS9Amv3S+QfB7lqBId5sFXJ99BN0J6zFRvL9dDA==}
    dev: true

  /@types/qs/6.9.7:
    resolution: {integrity: sha1-Y7t9Bn2xB8weRXwwO8JdUR/r9ss=}
    dev: true

  /@types/range-parser/1.2.4:
    resolution: {integrity: sha1-zWZ7z90CUhOq+3ylkVqTJZCs3Nw=}
    dev: true

  /@types/serve-static/1.13.10:
    resolution: {integrity: sha1-9eDOh5fS18xevtpIpSyWxPpHqNk=}
    dependencies:
      '@types/mime': 1.3.2
      '@types/node': 17.0.2
    dev: true

  /accepts/1.3.7:
    resolution: {integrity: sha1-UxvHJlF6OytB+FACHGzBXqq1B80=}
    engines: {node: '>= 0.6'}
    dependencies:
      mime-types: 2.1.34
      negotiator: 0.6.2
    dev: false

  /cache-content-type/1.0.1:
    resolution: {integrity: sha1-A1zeKwjuISn0qDFeqPAKANuhRTw=}
    engines: {node: '>= 6.0.0'}
    dependencies:
      mime-types: 2.1.34
      ylru: 1.2.1
    dev: false

  /co/4.6.0:
    resolution: {integrity: sha1-bqa989hTrlTMuOR7+gvz+QMfsYQ=}
    engines: {iojs: '>= 1.0.0', node: '>= 0.12.0'}
    dev: false

  /content-disposition/0.5.4:
    resolution: {integrity: sha512-FveZTNuGw04cxlAiWbzi6zTAL/lhehaWbTtgluJh4/E95DqMwTmha3KZN1aAWA8cFIhHzMZUvLevkw5Rqk+tSQ==}
    engines: {node: '>= 0.6'}
    dependencies:
      safe-buffer: 5.2.1
    dev: false

  /content-type/1.0.4:
    resolution: {integrity: sha1-4TjMdeBAxyexlm/l5fjJruJW/js=}
    engines: {node: '>= 0.6'}
    dev: false

  /cookies/0.8.0:
    resolution: {integrity: sha1-EpPOSzkXQKhAbjyYcOgoxLVPP5A=}
    engines: {node: '>= 0.8'}
    dependencies:
      depd: 2.0.0
      keygrip: 1.1.0
    dev: false

  /debug/4.3.3:
    resolution: {integrity: sha512-/zxw5+vh1Tfv+4Qn7a5nsbcJKPaSvCDhojn6FEl9vupwK2VCSDtEiEtqr8DFtzYFOdz63LBkxec7DYuc2jon6Q==}
    engines: {node: '>=6.0'}
    peerDependencies:
      supports-color: '*'
    peerDependenciesMeta:
      supports-color:
        optional: true
    dependencies:
      ms: 2.1.2
    dev: false

  /deep-equal/1.0.1:
    resolution: {integrity: sha1-9dJgKStmDghO/0zbyfCK0yR0SLU=}
    dev: false

  /delegates/1.0.0:
    resolution: {integrity: sha1-hMbhWbgZBP3KWaDvRM2HDTElD5o=}
    dev: false

  /depd/1.1.2:
    resolution: {integrity: sha1-m81S4UwJd2PnSbJ0xDRu0uVgtak=}
    engines: {node: '>= 0.6'}
    dev: false

  /depd/2.0.0:
    resolution: {integrity: sha1-tpYWPMdXVg0JzyLMj60Vcbeedt8=}
    engines: {node: '>= 0.8'}
    dev: false

  /destroy/1.0.4:
    resolution: {integrity: sha1-l4hXRCxEdJ5CBmE+N5RiBYJqvYA=}
    dev: false

  /ee-first/1.1.1:
    resolution: {integrity: sha1-WQxhFWsK4vTwJVcyoViyZrxWsh0=}
    dev: false

  /encodeurl/1.0.2:
    resolution: {integrity: sha1-rT/0yG7C0CkyL1oCw6mmBslbP1k=}
    engines: {node: '>= 0.8'}
    dev: false

  /escape-html/1.0.3:
    resolution: {integrity: sha1-Aljq5NPQwJdN4cFpGI7wBR0dGYg=}
    dev: false

  /fresh/0.5.2:
    resolution: {integrity: sha1-PYyt2Q2XZWn6g1qx+OSyOhBWBac=}
    engines: {node: '>= 0.6'}
    dev: false

  /has-symbols/1.0.2:
    resolution: {integrity: sha1-Fl0wcMADCXUqEjakeTMeOsVvFCM=}
    engines: {node: '>= 0.4'}
    dev: false

  /has-tostringtag/1.0.0:
    resolution: {integrity: sha1-fhM4GKfTlHNPlB5zw9P5KR5liyU=}
    engines: {node: '>= 0.4'}
    dependencies:
      has-symbols: 1.0.2
    dev: false

  /http-assert/1.5.0:
    resolution: {integrity: sha1-w4nM2HrBbtLfpiRv1zuSaqAOa48=}
    engines: {node: '>= 0.8'}
    dependencies:
      deep-equal: 1.0.1
      http-errors: 1.8.1
    dev: false

  /http-errors/1.8.1:
    resolution: {integrity: sha512-Kpk9Sm7NmI+RHhnj6OIWDI1d6fIoFAtFt9RLaTMRlg/8w49juAStsrBgp0Dp4OdxdVbRIeKhtCUvoi/RuAhO4g==}
    engines: {node: '>= 0.6'}
    dependencies:
      depd: 1.1.2
      inherits: 2.0.4
      setprototypeof: 1.2.0
      statuses: 1.5.0
      toidentifier: 1.0.1
    dev: false

  /inherits/2.0.4:
    resolution: {integrity: sha1-D6LGT5MpF8NDOg3tVTY6rjdBa3w=}
    dev: false

  /is-generator-function/1.0.10:
    resolution: {integrity: sha1-8VWLrxrBfg3up8BBXEODUf8rPHI=}
    engines: {node: '>= 0.4'}
    dependencies:
      has-tostringtag: 1.0.0
    dev: false

  /keygrip/1.1.0:
    resolution: {integrity: sha1-hxsWgdXhWcYqRFsMdLYV4JF+ciY=}
    engines: {node: '>= 0.6'}
    dependencies:
      tsscmp: 1.0.6
    dev: false

  /koa-compose/4.1.0:
    resolution: {integrity: sha1-UHMGuTcZAdtBEhyBLpI9DWfT6Hc=}
    dev: false

  /koa-convert/2.0.0:
    resolution: {integrity: sha1-hqDETYHUBVG64i/uZwmQRXPupPU=}
    engines: {node: '>= 10'}
    dependencies:
      co: 4.6.0
      koa-compose: 4.1.0
    dev: false

  /koa-router/10.1.1:
    resolution: {integrity: sha1-IICfgmSFGLhHJs1EUDeBPNmfF/8=}
    engines: {node: '>= 8.0.0'}
    dependencies:
      debug: 4.3.3
      http-errors: 1.8.1
      koa-compose: 4.1.0
      methods: 1.1.2
      path-to-regexp: 6.2.0
    transitivePeerDependencies:
      - supports-color
    dev: false

  /koa/2.13.4:
    resolution: {integrity: sha1-7lsMs54LgGnDjRFROcd0gz0yRi4=}
    engines: {node: ^4.8.4 || ^6.10.1 || ^7.10.1 || >= 8.1.4}
    dependencies:
      accepts: 1.3.7
      cache-content-type: 1.0.1
      content-disposition: 0.5.4
      content-type: 1.0.4
      cookies: 0.8.0
      debug: 4.3.3
      delegates: 1.0.0
      depd: 2.0.0
      destroy: 1.0.4
      encodeurl: 1.0.2
      escape-html: 1.0.3
      fresh: 0.5.2
      http-assert: 1.5.0
      http-errors: 1.8.1
      is-generator-function: 1.0.10
      koa-compose: 4.1.0
      koa-convert: 2.0.0
      on-finished: 2.3.0
      only: 0.0.2
      parseurl: 1.3.3
      statuses: 1.5.0
      type-is: 1.6.18
      vary: 1.1.2
    transitivePeerDependencies:
      - supports-color
    dev: false

  /media-typer/0.3.0:
    resolution: {integrity: sha1-hxDXrwqmJvj/+hzgAWhUUmMlV0g=}
    engines: {node: '>= 0.6'}
    dev: false

  /methods/1.1.2:
    resolution: {integrity: sha1-VSmk1nZUE07cxSZmVoNbD4Ua/O4=}
    engines: {node: '>= 0.6'}
    dev: false

  /mime-db/1.51.0:
    resolution: {integrity: sha512-5y8A56jg7XVQx2mbv1lu49NR4dokRnhZYTtL+KGfaa27uq4pSTXkwQkFJl4pkRMyNFz/EtYDSkiiEHx3F7UN6g==}
    engines: {node: '>= 0.6'}
    dev: false

  /mime-types/2.1.34:
    resolution: {integrity: sha512-6cP692WwGIs9XXdOO4++N+7qjqv0rqxxVvJ3VHPh/Sc9mVZcQP+ZGhkKiTvWMQRr2tbHkJP/Yn7Y0npb3ZBs4A==}
    engines: {node: '>= 0.6'}
    dependencies:
      mime-db: 1.51.0
    dev: false

  /ms/2.1.2:
    resolution: {integrity: sha1-0J0fNXtEP0kzgqjrPM0YOHKuYAk=}
    dev: false

  /negotiator/0.6.2:
    resolution: {integrity: sha1-/qz3zPUlp3rpY0Q2pkiD/+yjRvs=}
    engines: {node: '>= 0.6'}
    dev: false

  /on-finished/2.3.0:
    resolution: {integrity: sha1-IPEzZIGwg811M3mSoWlxqi2QaUc=}
    engines: {node: '>= 0.8'}
    dependencies:
      ee-first: 1.1.1
    dev: false

  /only/0.0.2:
    resolution: {integrity: sha1-Kv3oTQPlC5qO3EROMGEKcCle37Q=}
    dev: false

  /parseurl/1.3.3:
    resolution: {integrity: sha1-naGee+6NEt/wUT7Vt2lXeTvC6NQ=}
    engines: {node: '>= 0.8'}
    dev: false

  /path-to-regexp/6.2.0:
    resolution: {integrity: sha1-97OAMzYQTDRoia3s5hRmkjBkXzg=}
    dev: false

  /reflect-metadata/0.1.13:
    resolution: {integrity: sha1-Z648pXyXKiqhZCsQ/jY/4y1J3Ag=}
    dev: false

  /safe-buffer/5.2.1:
    resolution: {integrity: sha1-Hq+fqb2x/dTsdfWPnNtOa3gn7sY=}
    dev: false

  /setprototypeof/1.2.0:
    resolution: {integrity: sha1-ZsmiSnP5/CjL5msJ/tPTPcrxtCQ=}
    dev: false

  /statuses/1.5.0:
    resolution: {integrity: sha1-Fhx9rBd2Wf2YEfQ3cfqZOBR4Yow=}
    engines: {node: '>= 0.6'}
    dev: false

  /toidentifier/1.0.1:
    resolution: {integrity: sha512-o5sSPKEkg/DIQNmH43V0/uerLrpzVedkUh8tGNvaeXpfpuwjKenlSox/2O/BTlZUtEe+JG7s5YhEz608PlAHRA==}
    engines: {node: '>=0.6'}
    dev: false

  /tslib/2.3.1:
    resolution: {integrity: sha1-6KM1rdXOrlGqJh0ypJAVjvBC7wE=}
    dev: false

  /tsscmp/1.0.6:
    resolution: {integrity: sha1-hbmVg6w1iexL/vgltQAKqRHWBes=}
    engines: {node: '>=0.6.x'}
    dev: false

  /type-is/1.6.18:
    resolution: {integrity: sha1-TlUs0F3wlGfcvE73Od6J8s83wTE=}
    engines: {node: '>= 0.6'}
    dependencies:
      media-typer: 0.3.0
      mime-types: 2.1.34
    dev: false

  /vary/1.1.2:
    resolution: {integrity: sha1-IpnwLG3tMNSllhsLn3RSShj2NPw=}
    engines: {node: '>= 0.8'}
    dev: false

  /ylru/1.2.1:
    resolution: {integrity: sha1-9Xa2M0FUeYnB3nuiiHYJI7J/6E8=}
    engines: {node: '>= 4.0.0'}
    dev: false
